// !$*UTF8*$!
{
	archiveVersion = 1;
	classes = {
	};
	objectVersion = 56;
	objects = {

/* Begin PBXBuildFile section */
		758D96482A42E495005A12E1 /* AppDelegate.swift in Sources */ = {isa = PBXBuildFile; fileRef = 758D96472A42E495005A12E1 /* AppDelegate.swift */; };
		758D964A2A42E495005A12E1 /* SceneDelegate.swift in Sources */ = {isa = PBXBuildFile; fileRef = 758D96492A42E495005A12E1 /* SceneDelegate.swift */; };
		758D964C2A42E495005A12E1 /* ViewController.swift in Sources */ = {isa = PBXBuildFile; fileRef = 758D964B2A42E495005A12E1 /* ViewController.swift */; };
		758D964F2A42E495005A12E1 /* Main.storyboard in Resources */ = {isa = PBXBuildFile; fileRef = 758D964D2A42E495005A12E1 /* Main.storyboard */; };
		758D96512A42E496005A12E1 /* Assets.xcassets in Resources */ = {isa = PBXBuildFile; fileRef = 758D96502A42E496005A12E1 /* Assets.xcassets */; };
		758D96542A42E496005A12E1 /* LaunchScreen.storyboard in Resources */ = {isa = PBXBuildFile; fileRef = 758D96522A42E496005A12E1 /* LaunchScreen.storyboard */; };
		758D965F2A42E496005A12E1 /* TindPetTests.swift in Sources */ = {isa = PBXBuildFile; fileRef = 758D965E2A42E496005A12E1 /* TindPetTests.swift */; };
		758D96692A42E496005A12E1 /* TindPetUITests.swift in Sources */ = {isa = PBXBuildFile; fileRef = 758D96682A42E496005A12E1 /* TindPetUITests.swift */; };
		758D966B2A42E496005A12E1 /* TindPetUITestsLaunchTests.swift in Sources */ = {isa = PBXBuildFile; fileRef = 758D966A2A42E496005A12E1 /* TindPetUITestsLaunchTests.swift */; };
/* End PBXBuildFile section */

/* Begin PBXContainerItemProxy section */
		758D965B2A42E496005A12E1 /* PBXContainerItemProxy */ = {
			isa = PBXContainerItemProxy;
			containerPortal = 758D963C2A42E495005A12E1 /* Project object */;
			proxyType = 1;
			remoteGlobalIDString = 758D96432A42E495005A12E1;
			remoteInfo = TindPet;
		};
		758D96652A42E496005A12E1 /* PBXContainerItemProxy */ = {
			isa = PBXContainerItemProxy;
			containerPortal = 758D963C2A42E495005A12E1 /* Project object */;
			proxyType = 1;
			remoteGlobalIDString = 758D96432A42E495005A12E1;
			remoteInfo = TindPet;
		};
/* End PBXContainerItemProxy section */

/* Begin PBXFileReference section */
		758D96442A42E495005A12E1 /* TindPet.app */ = {isa = PBXFileReference; explicitFileType = wrapper.application; includeInIndex = 0; path = TindPet.app; sourceTree = BUILT_PRODUCTS_DIR; };
		758D96472A42E495005A12E1 /* AppDelegate.swift */ = {isa = PBXFileReference; lastKnownFileType = sourcecode.swift; path = AppDelegate.swift; sourceTree = "<group>"; };
		758D96492A42E495005A12E1 /* SceneDelegate.swift */ = {isa = PBXFileReference; lastKnownFileType = sourcecode.swift; path = SceneDelegate.swift; sourceTree = "<group>"; };
		758D964B2A42E495005A12E1 /* ViewController.swift */ = {isa = PBXFileReference; lastKnownFileType = sourcecode.swift; path = ViewController.swift; sourceTree = "<group>"; };
		758D964E2A42E495005A12E1 /* Base */ = {isa = PBXFileReference; lastKnownFileType = file.storyboard; name = Base; path = Base.lproj/Main.storyboard; sourceTree = "<group>"; };
		758D96502A42E496005A12E1 /* Assets.xcassets */ = {isa = PBXFileReference; lastKnownFileType = folder.assetcatalog; path = Assets.xcassets; sourceTree = "<group>"; };
		758D96532A42E496005A12E1 /* Base */ = {isa = PBXFileReference; lastKnownFileType = file.storyboard; name = Base; path = Base.lproj/LaunchScreen.storyboard; sourceTree = "<group>"; };
		758D96552A42E496005A12E1 /* Info.plist */ = {isa = PBXFileReference; lastKnownFileType = text.plist.xml; path = Info.plist; sourceTree = "<group>"; };
		758D965A2A42E496005A12E1 /* TindPetTests.xctest */ = {isa = PBXFileReference; explicitFileType = wrapper.cfbundle; includeInIndex = 0; path = TindPetTests.xctest; sourceTree = BUILT_PRODUCTS_DIR; };
		758D965E2A42E496005A12E1 /* TindPetTests.swift */ = {isa = PBXFileReference; lastKnownFileType = sourcecode.swift; path = TindPetTests.swift; sourceTree = "<group>"; };
		758D96642A42E496005A12E1 /* TindPetUITests.xctest */ = {isa = PBXFileReference; explicitFileType = wrapper.cfbundle; includeInIndex = 0; path = TindPetUITests.xctest; sourceTree = BUILT_PRODUCTS_DIR; };
		758D96682A42E496005A12E1 /* TindPetUITests.swift */ = {isa = PBXFileReference; lastKnownFileType = sourcecode.swift; path = TindPetUITests.swift; sourceTree = "<group>"; };
		758D966A2A42E496005A12E1 /* TindPetUITestsLaunchTests.swift */ = {isa = PBXFileReference; lastKnownFileType = sourcecode.swift; path = TindPetUITestsLaunchTests.swift; sourceTree = "<group>"; };
/* End PBXFileReference section */

/* Begin PBXFrameworksBuildPhase section */
		758D96412A42E495005A12E1 /* Frameworks */ = {
			isa = PBXFrameworksBuildPhase;
			buildActionMask = 2147483647;
			files = (
			);
			runOnlyForDeploymentPostprocessing = 0;
		};
		758D96572A42E496005A12E1 /* Frameworks */ = {
			isa = PBXFrameworksBuildPhase;
			buildActionMask = 2147483647;
			files = (
			);
			runOnlyForDeploymentPostprocessing = 0;
		};
		758D96612A42E496005A12E1 /* Frameworks */ = {
			isa = PBXFrameworksBuildPhase;
			buildActionMask = 2147483647;
			files = (
			);
			runOnlyForDeploymentPostprocessing = 0;
		};
/* End PBXFrameworksBuildPhase section */

/* Begin PBXGroup section */
		758D963B2A42E495005A12E1 = {
			isa = PBXGroup;
			children = (
				758D96462A42E495005A12E1 /* TindPet */,
				758D965D2A42E496005A12E1 /* TindPetTests */,
				758D96672A42E496005A12E1 /* TindPetUITests */,
				758D96452A42E495005A12E1 /* Products */,
			);
			sourceTree = "<group>";
		};
		758D96452A42E495005A12E1 /* Products */ = {
			isa = PBXGroup;
			children = (
				758D96442A42E495005A12E1 /* TindPet.app */,
				758D965A2A42E496005A12E1 /* TindPetTests.xctest */,
				758D96642A42E496005A12E1 /* TindPetUITests.xctest */,
			);
			name = Products;
			sourceTree = "<group>";
		};
		758D96462A42E495005A12E1 /* TindPet */ = {
			isa = PBXGroup;
			children = (
				758D96472A42E495005A12E1 /* AppDelegate.swift */,
				758D96492A42E495005A12E1 /* SceneDelegate.swift */,
				758D964B2A42E495005A12E1 /* ViewController.swift */,
				758D964D2A42E495005A12E1 /* Main.storyboard */,
				758D96502A42E496005A12E1 /* Assets.xcassets */,
				758D96522A42E496005A12E1 /* LaunchScreen.storyboard */,
				758D96552A42E496005A12E1 /* Info.plist */,
			);
			path = TindPet;
			sourceTree = "<group>";
		};
		758D965D2A42E496005A12E1 /* TindPetTests */ = {
			isa = PBXGroup;
			children = (
				758D965E2A42E496005A12E1 /* TindPetTests.swift */,
			);
			path = TindPetTests;
			sourceTree = "<group>";
		};
		758D96672A42E496005A12E1 /* TindPetUITests */ = {
			isa = PBXGroup;
			children = (
				758D96682A42E496005A12E1 /* TindPetUITests.swift */,
				758D966A2A42E496005A12E1 /* TindPetUITestsLaunchTests.swift */,
			);
			path = TindPetUITests;
			sourceTree = "<group>";
		};
/* End PBXGroup section */

/* Begin PBXNativeTarget section */
		758D96432A42E495005A12E1 /* TindPet */ = {
			isa = PBXNativeTarget;
			buildConfigurationList = 758D966E2A42E496005A12E1 /* Build configuration list for PBXNativeTarget "TindPet" */;
			buildPhases = (
				758D96402A42E495005A12E1 /* Sources */,
				758D96412A42E495005A12E1 /* Frameworks */,
				758D96422A42E495005A12E1 /* Resources */,
			);
			buildRules = (
			);
			dependencies = (
			);
			name = TindPet;
			productName = TindPet;
			productReference = 758D96442A42E495005A12E1 /* TindPet.app */;
			productType = "com.apple.product-type.application";
		};
		758D96592A42E496005A12E1 /* TindPetTests */ = {
			isa = PBXNativeTarget;
			buildConfigurationList = 758D96712A42E496005A12E1 /* Build configuration list for PBXNativeTarget "TindPetTests" */;
			buildPhases = (
				758D96562A42E496005A12E1 /* Sources */,
				758D96572A42E496005A12E1 /* Frameworks */,
				758D96582A42E496005A12E1 /* Resources */,
			);
			buildRules = (
			);
			dependencies = (
				758D965C2A42E496005A12E1 /* PBXTargetDependency */,
			);
			name = TindPetTests;
			productName = TindPetTests;
			productReference = 758D965A2A42E496005A12E1 /* TindPetTests.xctest */;
			productType = "com.apple.product-type.bundle.unit-test";
		};
		758D96632A42E496005A12E1 /* TindPetUITests */ = {
			isa = PBXNativeTarget;
			buildConfigurationList = 758D96742A42E496005A12E1 /* Build configuration list for PBXNativeTarget "TindPetUITests" */;
			buildPhases = (
				758D96602A42E496005A12E1 /* Sources */,
				758D96612A42E496005A12E1 /* Frameworks */,
				758D96622A42E496005A12E1 /* Resources */,
			);
			buildRules = (
			);
			dependencies = (
				758D96662A42E496005A12E1 /* PBXTargetDependency */,
			);
			name = TindPetUITests;
			productName = TindPetUITests;
			productReference = 758D96642A42E496005A12E1 /* TindPetUITests.xctest */;
			productType = "com.apple.product-type.bundle.ui-testing";
		};
/* End PBXNativeTarget section */

/* Begin PBXProject section */
		758D963C2A42E495005A12E1 /* Project object */ = {
			isa = PBXProject;
			attributes = {
				BuildIndependentTargetsInParallel = 1;
				LastSwiftUpdateCheck = 1430;
				LastUpgradeCheck = 1430;
				TargetAttributes = {
					758D96432A42E495005A12E1 = {
						CreatedOnToolsVersion = 14.3.1;
					};
					758D96592A42E496005A12E1 = {
						CreatedOnToolsVersion = 14.3.1;
						TestTargetID = 758D96432A42E495005A12E1;
					};
					758D96632A42E496005A12E1 = {
						CreatedOnToolsVersion = 14.3.1;
						TestTargetID = 758D96432A42E495005A12E1;
					};
				};
			};
			buildConfigurationList = 758D963F2A42E495005A12E1 /* Build configuration list for PBXProject "TindPet" */;
			compatibilityVersion = "Xcode 14.0";
			developmentRegion = en;
			hasScannedForEncodings = 0;
			knownRegions = (
				en,
				Base,
			);
			mainGroup = 758D963B2A42E495005A12E1;
			productRefGroup = 758D96452A42E495005A12E1 /* Products */;
			projectDirPath = "";
			projectRoot = "";
			targets = (
				758D96432A42E495005A12E1 /* TindPet */,
				758D96592A42E496005A12E1 /* TindPetTests */,
				758D96632A42E496005A12E1 /* TindPetUITests */,
			);
		};
/* End PBXProject section */

/* Begin PBXResourcesBuildPhase section */
		758D96422A42E495005A12E1 /* Resources */ = {
			isa = PBXResourcesBuildPhase;
			buildActionMask = 2147483647;
			files = (
				758D96542A42E496005A12E1 /* LaunchScreen.storyboard in Resources */,
				758D96512A42E496005A12E1 /* Assets.xcassets in Resources */,
				758D964F2A42E495005A12E1 /* Main.storyboard in Resources */,
			);
			runOnlyForDeploymentPostprocessing = 0;
		};
		758D96582A42E496005A12E1 /* Resources */ = {
			isa = PBXResourcesBuildPhase;
			buildActionMask = 2147483647;
			files = (
			);
			runOnlyForDeploymentPostprocessing = 0;
		};
		758D96622A42E496005A12E1 /* Resources */ = {
			isa = PBXResourcesBuildPhase;
			buildActionMask = 2147483647;
			files = (
			);
			runOnlyForDeploymentPostprocessing = 0;
		};
/* End PBXResourcesBuildPhase section */

/* Begin PBXSourcesBuildPhase section */
		758D96402A42E495005A12E1 /* Sources */ = {
			isa = PBXSourcesBuildPhase;
			buildActionMask = 2147483647;
			files = (
				758D964C2A42E495005A12E1 /* ViewController.swift in Sources */,
				758D96482A42E495005A12E1 /* AppDelegate.swift in Sources */,
				758D964A2A42E495005A12E1 /* SceneDelegate.swift in Sources */,
			);
			runOnlyForDeploymentPostprocessing = 0;
		};
		758D96562A42E496005A12E1 /* Sources */ = {
			isa = PBXSourcesBuildPhase;
			buildActionMask = 2147483647;
			files = (
				758D965F2A42E496005A12E1 /* TindPetTests.swift in Sources */,
			);
			runOnlyForDeploymentPostprocessing = 0;
		};
		758D96602A42E496005A12E1 /* Sources */ = {
			isa = PBXSourcesBuildPhase;
			buildActionMask = 2147483647;
			files = (
				758D96692A42E496005A12E1 /* TindPetUITests.swift in Sources */,
				758D966B2A42E496005A12E1 /* TindPetUITestsLaunchTests.swift in Sources */,
			);
			runOnlyForDeploymentPostprocessing = 0;
		};
/* End PBXSourcesBuildPhase section */

/* Begin PBXTargetDependency section */
		758D965C2A42E496005A12E1 /* PBXTargetDependency */ = {
			isa = PBXTargetDependency;
			target = 758D96432A42E495005A12E1 /* TindPet */;
			targetProxy = 758D965B2A42E496005A12E1 /* PBXContainerItemProxy */;
		};
		758D96662A42E496005A12E1 /* PBXTargetDependency */ = {
			isa = PBXTargetDependency;
			target = 758D96432A42E495005A12E1 /* TindPet */;
			targetProxy = 758D96652A42E496005A12E1 /* PBXContainerItemProxy */;
		};
/* End PBXTargetDependency section */

/* Begin PBXVariantGroup section */
		758D964D2A42E495005A12E1 /* Main.storyboard */ = {
			isa = PBXVariantGroup;
			children = (
				758D964E2A42E495005A12E1 /* Base */,
			);
			name = Main.storyboard;
			sourceTree = "<group>";
		};
		758D96522A42E496005A12E1 /* LaunchScreen.storyboard */ = {
			isa = PBXVariantGroup;
			children = (
				758D96532A42E496005A12E1 /* Base */,
			);
			name = LaunchScreen.storyboard;
			sourceTree = "<group>";
		};
/* End PBXVariantGroup section */

/* Begin XCBuildConfiguration section */
		758D966C2A42E496005A12E1 /* Debug */ = {
			isa = XCBuildConfiguration;
			buildSettings = {
				ALWAYS_SEARCH_USER_PATHS = NO;
				CLANG_ANALYZER_NONNULL = YES;
				CLANG_ANALYZER_NUMBER_OBJECT_CONVERSION = YES_AGGRESSIVE;
				CLANG_CXX_LANGUAGE_STANDARD = "gnu++20";
				CLANG_ENABLE_MODULES = YES;
				CLANG_ENABLE_OBJC_ARC = YES;
				CLANG_ENABLE_OBJC_WEAK = YES;
				CLANG_WARN_BLOCK_CAPTURE_AUTORELEASING = YES;
				CLANG_WARN_BOOL_CONVERSION = YES;
				CLANG_WARN_COMMA = YES;
				CLANG_WARN_CONSTANT_CONVERSION = YES;
				CLANG_WARN_DEPRECATED_OBJC_IMPLEMENTATIONS = YES;
				CLANG_WARN_DIRECT_OBJC_ISA_USAGE = YES_ERROR;
				CLANG_WARN_DOCUMENTATION_COMMENTS = YES;
				CLANG_WARN_EMPTY_BODY = YES;
				CLANG_WARN_ENUM_CONVERSION = YES;
				CLANG_WARN_INFINITE_RECURSION = YES;
				CLANG_WARN_INT_CONVERSION = YES;
				CLANG_WARN_NON_LITERAL_NULL_CONVERSION = YES;
				CLANG_WARN_OBJC_IMPLICIT_RETAIN_SELF = YES;
				CLANG_WARN_OBJC_LITERAL_CONVERSION = YES;
				CLANG_WARN_OBJC_ROOT_CLASS = YES_ERROR;
				CLANG_WARN_QUOTED_INCLUDE_IN_FRAMEWORK_HEADER = YES;
				CLANG_WARN_RANGE_LOOP_ANALYSIS = YES;
				CLANG_WARN_STRICT_PROTOTYPES = YES;
				CLANG_WARN_SUSPICIOUS_MOVE = YES;
				CLANG_WARN_UNGUARDED_AVAILABILITY = YES_AGGRESSIVE;
				CLANG_WARN_UNREACHABLE_CODE = YES;
				CLANG_WARN__DUPLICATE_METHOD_MATCH = YES;
				COPY_PHASE_STRIP = NO;
				DEBUG_INFORMATION_FORMAT = dwarf;
				ENABLE_STRICT_OBJC_MSGSEND = YES;
				ENABLE_TESTABILITY = YES;
				GCC_C_LANGUAGE_STANDARD = gnu11;
				GCC_DYNAMIC_NO_PIC = NO;
				GCC_NO_COMMON_BLOCKS = YES;
				GCC_OPTIMIZATION_LEVEL = 0;
				GCC_PREPROCESSOR_DEFINITIONS = (
					"DEBUG=1",
					"$(inherited)",
				);
				GCC_WARN_64_TO_32_BIT_CONVERSION = YES;
				GCC_WARN_ABOUT_RETURN_TYPE = YES_ERROR;
				GCC_WARN_UNDECLARED_SELECTOR = YES;
				GCC_WARN_UNINITIALIZED_AUTOS = YES_AGGRESSIVE;
				GCC_WARN_UNUSED_FUNCTION = YES;
				GCC_WARN_UNUSED_VARIABLE = YES;
				IPHONEOS_DEPLOYMENT_TARGET = 16.4;
				MTL_ENABLE_DEBUG_INFO = INCLUDE_SOURCE;
				MTL_FAST_MATH = YES;
				ONLY_ACTIVE_ARCH = YES;
				SDKROOT = iphoneos;
				SWIFT_ACTIVE_COMPILATION_CONDITIONS = DEBUG;
				SWIFT_OPTIMIZATION_LEVEL = "-Onone";
			};
			name = Debug;
		};
		758D966D2A42E496005A12E1 /* Release */ = {
			isa = XCBuildConfiguration;
			buildSettings = {
				ALWAYS_SEARCH_USER_PATHS = NO;
				CLANG_ANALYZER_NONNULL = YES;
				CLANG_ANALYZER_NUMBER_OBJECT_CONVERSION = YES_AGGRESSIVE;
				CLANG_CXX_LANGUAGE_STANDARD = "gnu++20";
				CLANG_ENABLE_MODULES = YES;
				CLANG_ENABLE_OBJC_ARC = YES;
				CLANG_ENABLE_OBJC_WEAK = YES;
				CLANG_WARN_BLOCK_CAPTURE_AUTORELEASING = YES;
				CLANG_WARN_BOOL_CONVERSION = YES;
				CLANG_WARN_COMMA = YES;
				CLANG_WARN_CONSTANT_CONVERSION = YES;
				CLANG_WARN_DEPRECATED_OBJC_IMPLEMENTATIONS = YES;
				CLANG_WARN_DIRECT_OBJC_ISA_USAGE = YES_ERROR;
				CLANG_WARN_DOCUMENTATION_COMMENTS = YES;
				CLANG_WARN_EMPTY_BODY = YES;
				CLANG_WARN_ENUM_CONVERSION = YES;
				CLANG_WARN_INFINITE_RECURSION = YES;
				CLANG_WARN_INT_CONVERSION = YES;
				CLANG_WARN_NON_LITERAL_NULL_CONVERSION = YES;
				CLANG_WARN_OBJC_IMPLICIT_RETAIN_SELF = YES;
				CLANG_WARN_OBJC_LITERAL_CONVERSION = YES;
				CLANG_WARN_OBJC_ROOT_CLASS = YES_ERROR;
				CLANG_WARN_QUOTED_INCLUDE_IN_FRAMEWORK_HEADER = YES;
				CLANG_WARN_RANGE_LOOP_ANALYSIS = YES;
				CLANG_WARN_STRICT_PROTOTYPES = YES;
				CLANG_WARN_SUSPICIOUS_MOVE = YES;
				CLANG_WARN_UNGUARDED_AVAILABILITY = YES_AGGRESSIVE;
				CLANG_WARN_UNREACHABLE_CODE = YES;
				CLANG_WARN__DUPLICATE_METHOD_MATCH = YES;
				COPY_PHASE_STRIP = NO;
				DEBUG_INFORMATION_FORMAT = "dwarf-with-dsym";
				ENABLE_NS_ASSERTIONS = NO;
				ENABLE_STRICT_OBJC_MSGSEND = YES;
				GCC_C_LANGUAGE_STANDARD = gnu11;
				GCC_NO_COMMON_BLOCKS = YES;
				GCC_WARN_64_TO_32_BIT_CONVERSION = YES;
				GCC_WARN_ABOUT_RETURN_TYPE = YES_ERROR;
				GCC_WARN_UNDECLARED_SELECTOR = YES;
				GCC_WARN_UNINITIALIZED_AUTOS = YES_AGGRESSIVE;
				GCC_WARN_UNUSED_FUNCTION = YES;
				GCC_WARN_UNUSED_VARIABLE = YES;
				IPHONEOS_DEPLOYMENT_TARGET = 16.4;
				MTL_ENABLE_DEBUG_INFO = NO;
				MTL_FAST_MATH = YES;
				SDKROOT = iphoneos;
				SWIFT_COMPILATION_MODE = wholemodule;
				SWIFT_OPTIMIZATION_LEVEL = "-O";
				VALIDATE_PRODUCT = YES;
			};
			name = Release;
		};
		758D966F2A42E496005A12E1 /* Debug */ = {
			isa = XCBuildConfiguration;
			buildSettings = {
				ASSETCATALOG_COMPILER_APPICON_NAME = AppIcon;
				ASSETCATALOG_COMPILER_GLOBAL_ACCENT_COLOR_NAME = AccentColor;
				CODE_SIGN_STYLE = Automatic;
				CURRENT_PROJECT_VERSION = 1;
				DEVELOPMENT_TEAM = 47X734N754;
				GENERATE_INFOPLIST_FILE = YES;
				INFOPLIST_FILE = TindPet/Info.plist;
				INFOPLIST_KEY_UIApplicationSupportsIndirectInputEvents = YES;
				INFOPLIST_KEY_UILaunchStoryboardName = LaunchScreen;
				INFOPLIST_KEY_UIMainStoryboardFile = Main;
				INFOPLIST_KEY_UISupportedInterfaceOrientations_iPad = "UIInterfaceOrientationPortrait UIInterfaceOrientationPortraitUpsideDown UIInterfaceOrientationLandscapeLeft UIInterfaceOrientationLandscapeRight";
				INFOPLIST_KEY_UISupportedInterfaceOrientations_iPhone = "UIInterfaceOrientationPortrait UIInterfaceOrientationLandscapeLeft UIInterfaceOrientationLandscapeRight";
				LD_RUNPATH_SEARCH_PATHS = (
					"$(inherited)",
					"@executable_path/Frameworks",
				);
				MARKETING_VERSION = 1.0;
				PRODUCT_BUNDLE_IDENTIFIER = gblessons.TindPet;
				PRODUCT_NAME = "$(TARGET_NAME)";
				SWIFT_EMIT_LOC_STRINGS = YES;
				SWIFT_VERSION = 5.0;
				TARGETED_DEVICE_FAMILY = "1,2";
			};
			name = Debug;
		};
		758D96702A42E496005A12E1 /* Release */ = {
			isa = XCBuildConfiguration;
			buildSettings = {
				ASSETCATALOG_COMPILER_APPICON_NAME = AppIcon;
				ASSETCATALOG_COMPILER_GLOBAL_ACCENT_COLOR_NAME = AccentColor;
				CODE_SIGN_STYLE = Automatic;
				CURRENT_PROJECT_VERSION = 1;
				DEVELOPMENT_TEAM = 47X734N754;
				GENERATE_INFOPLIST_FILE = YES;
				INFOPLIST_FILE = TindPet/Info.plist;
				INFOPLIST_KEY_UIApplicationSupportsIndirectInputEvents = YES;
				INFOPLIST_KEY_UILaunchStoryboardName = LaunchScreen;
				INFOPLIST_KEY_UIMainStoryboardFile = Main;
				INFOPLIST_KEY_UISupportedInterfaceOrientations_iPad = "UIInterfaceOrientationPortrait UIInterfaceOrientationPortraitUpsideDown UIInterfaceOrientationLandscapeLeft UIInterfaceOrientationLandscapeRight";
				INFOPLIST_KEY_UISupportedInterfaceOrientations_iPhone = "UIInterfaceOrientationPortrait UIInterfaceOrientationLandscapeLeft UIInterfaceOrientationLandscapeRight";
				LD_RUNPATH_SEARCH_PATHS = (
					"$(inherited)",
					"@executable_path/Frameworks",
				);
				MARKETING_VERSION = 1.0;
				PRODUCT_BUNDLE_IDENTIFIER = gblessons.TindPet;
				PRODUCT_NAME = "$(TARGET_NAME)";
				SWIFT_EMIT_LOC_STRINGS = YES;
				SWIFT_VERSION = 5.0;
				TARGETED_DEVICE_FAMILY = "1,2";
			};
			name = Release;
		};
		758D96722A42E496005A12E1 /* Debug */ = {
			isa = XCBuildConfiguration;
			buildSettings = {
				ALWAYS_EMBED_SWIFT_STANDARD_LIBRARIES = YES;
				BUNDLE_LOADER = "$(TEST_HOST)";
				CODE_SIGN_STYLE = Automatic;
				CURRENT_PROJECT_VERSION = 1;
				DEVELOPMENT_TEAM = 47X734N754;
				GENERATE_INFOPLIST_FILE = YES;
				IPHONEOS_DEPLOYMENT_TARGET = 16.4;
				MARKETING_VERSION = 1.0;
				PRODUCT_BUNDLE_IDENTIFIER = gblessons.TindPetTests;
				PRODUCT_NAME = "$(TARGET_NAME)";
				SWIFT_EMIT_LOC_STRINGS = NO;
				SWIFT_VERSION = 5.0;
				TARGETED_DEVICE_FAMILY = "1,2";
				TEST_HOST = "$(BUILT_PRODUCTS_DIR)/TindPet.app/$(BUNDLE_EXECUTABLE_FOLDER_PATH)/TindPet";
			};
			name = Debug;
		};
		758D96732A42E496005A12E1 /* Release */ = {
			isa = XCBuildConfiguration;
			buildSettings = {
				ALWAYS_EMBED_SWIFT_STANDARD_LIBRARIES = YES;
				BUNDLE_LOADER = "$(TEST_HOST)";
				CODE_SIGN_STYLE = Automatic;
				CURRENT_PROJECT_VERSION = 1;
				DEVELOPMENT_TEAM = 47X734N754;
				GENERATE_INFOPLIST_FILE = YES;
				IPHONEOS_DEPLOYMENT_TARGET = 16.4;
				MARKETING_VERSION = 1.0;
				PRODUCT_BUNDLE_IDENTIFIER = gblessons.TindPetTests;
				PRODUCT_NAME = "$(TARGET_NAME)";
				SWIFT_EMIT_LOC_STRINGS = NO;
				SWIFT_VERSION = 5.0;
				TARGETED_DEVICE_FAMILY = "1,2";
				TEST_HOST = "$(BUILT_PRODUCTS_DIR)/TindPet.app/$(BUNDLE_EXECUTABLE_FOLDER_PATH)/TindPet";
			};
			name = Release;
		};
		758D96752A42E496005A12E1 /* Debug */ = {
			isa = XCBuildConfiguration;
			buildSettings = {
				ALWAYS_EMBED_SWIFT_STANDARD_LIBRARIES = YES;
				CODE_SIGN_STYLE = Automatic;
				CURRENT_PROJECT_VERSION = 1;
				DEVELOPMENT_TEAM = 47X734N754;
				GENERATE_INFOPLIST_FILE = YES;
				MARKETING_VERSION = 1.0;
				PRODUCT_BUNDLE_IDENTIFIER = gblessons.TindPetUITests;
				PRODUCT_NAME = "$(TARGET_NAME)";
				SWIFT_EMIT_LOC_STRINGS = NO;
				SWIFT_VERSION = 5.0;
				TARGETED_DEVICE_FAMILY = "1,2";
				TEST_TARGET_NAME = TindPet;
			};
			name = Debug;
		};
		758D96762A42E496005A12E1 /* Release */ = {
			isa = XCBuildConfiguration;
			buildSettings = {
				ALWAYS_EMBED_SWIFT_STANDARD_LIBRARIES = YES;
				CODE_SIGN_STYLE = Automatic;
				CURRENT_PROJECT_VERSION = 1;
				DEVELOPMENT_TEAM = 47X734N754;
				GENERATE_INFOPLIST_FILE = YES;
				MARKETING_VERSION = 1.0;
				PRODUCT_BUNDLE_IDENTIFIER = gblessons.TindPetUITests;
				PRODUCT_NAME = "$(TARGET_NAME)";
				SWIFT_EMIT_LOC_STRINGS = NO;
				SWIFT_VERSION = 5.0;
				TARGETED_DEVICE_FAMILY = "1,2";
				TEST_TARGET_NAME = TindPet;
			};
			name = Release;
		};
/* End XCBuildConfiguration section */

/* Begin XCConfigurationList section */
		758D963F2A42E495005A12E1 /* Build configuration list for PBXProject "TindPet" */ = {
			isa = XCConfigurationList;
			buildConfigurations = (
				758D966C2A42E496005A12E1 /* Debug */,
				758D966D2A42E496005A12E1 /* Release */,
			);
			defaultConfigurationIsVisible = 0;
			defaultConfigurationName = Release;
		};
		758D966E2A42E496005A12E1 /* Build configuration list for PBXNativeTarget "TindPet" */ = {
			isa = XCConfigurationList;
			buildConfigurations = (
				758D966F2A42E496005A12E1 /* Debug */,
				758D96702A42E496005A12E1 /* Release */,
			);
			defaultConfigurationIsVisible = 0;
			defaultConfigurationName = Release;
		};
		758D96712A42E496005A12E1 /* Build configuration list for PBXNativeTarget "TindPetTests" */ = {
			isa = XCConfigurationList;
			buildConfigurations = (
				758D96722A42E496005A12E1 /* Debug */,
				758D96732A42E496005A12E1 /* Release */,
			);
			defaultConfigurationIsVisible = 0;
			defaultConfigurationName = Release;
		};
		758D96742A42E496005A12E1 /* Build configuration list for PBXNativeTarget "TindPetUITests" */ = {
			isa = XCConfigurationList;
			buildConfigurations = (
				758D96752A42E496005A12E1 /* Debug */,
				758D96762A42E496005A12E1 /* Release */,
			);
			defaultConfigurationIsVisible = 0;
			defaultConfigurationName = Release;
		};
/* End XCConfigurationList section */
	};
	rootObject = 758D963C2A42E495005A12E1 /* Project object */;
}
