// !$*UTF8*$!
{
	archiveVersion = 1;
	classes = {
	};
	objectVersion = 56;
	objects = {

/* Begin PBXBuildFile section */
		1F98AA642A6687F600FF89BE /* QuoteView.swift in Sources */ = {isa = PBXBuildFile; fileRef = 1F98AA632A6687F600FF89BE /* QuoteView.swift */; };
		1FCE77352A5C2FCB0010E427 /* SwipesViewBuilder.swift in Sources */ = {isa = PBXBuildFile; fileRef = 1FCE77342A5C2FCB0010E427 /* SwipesViewBuilder.swift */; };
		1FCE77372A5C2FE80010E427 /* SwipesPresenter.swift in Sources */ = {isa = PBXBuildFile; fileRef = 1FCE77362A5C2FE80010E427 /* SwipesPresenter.swift */; };
		481116E32A66C08500FFEE1C /* Key.swift in Sources */ = {isa = PBXBuildFile; fileRef = 481116E22A66C08500FFEE1C /* Key.swift */; };
		481DD1CF2A683CFD00BA5C6B /* ProfileView.swift in Sources */ = {isa = PBXBuildFile; fileRef = 481DD1CE2A683CFD00BA5C6B /* ProfileView.swift */; };
		481DD1D22A683E0200BA5C6B /* AvatarCell.swift in Sources */ = {isa = PBXBuildFile; fileRef = 481DD1D12A683E0200BA5C6B /* AvatarCell.swift */; };
		481DD1D42A6840BB00BA5C6B /* AccountInfoCell.swift in Sources */ = {isa = PBXBuildFile; fileRef = 481DD1D32A6840BB00BA5C6B /* AccountInfoCell.swift */; };
		484693382A56DFD700CD016C /* LoginViewController.swift in Sources */ = {isa = PBXBuildFile; fileRef = 484693372A56DFD700CD016C /* LoginViewController.swift */; };
		4846933A2A56E00100CD016C /* LoginView.swift in Sources */ = {isa = PBXBuildFile; fileRef = 484693392A56E00100CD016C /* LoginView.swift */; };
		4846933F2A56EE7A00CD016C /* LoginViewBuilder.swift in Sources */ = {isa = PBXBuildFile; fileRef = 4846933E2A56EE7A00CD016C /* LoginViewBuilder.swift */; };
		484693412A56EE9800CD016C /* LoginPresenter.swift in Sources */ = {isa = PBXBuildFile; fileRef = 484693402A56EE9800CD016C /* LoginPresenter.swift */; };
		484693462A56FB1200CD016C /* RegistrationPresenter.swift in Sources */ = {isa = PBXBuildFile; fileRef = 484693452A56FB1200CD016C /* RegistrationPresenter.swift */; };
		484693482A56FB3100CD016C /* RegistrationViewBuilder.swift in Sources */ = {isa = PBXBuildFile; fileRef = 484693472A56FB3100CD016C /* RegistrationViewBuilder.swift */; };
		488B27612A6B140300FC315B /* PetCell.swift in Sources */ = {isa = PBXBuildFile; fileRef = 488B27602A6B140300FC315B /* PetCell.swift */; };
		48AC9B962A6BCD0A0055E6A4 /* PetModel.swift in Sources */ = {isa = PBXBuildFile; fileRef = 48AC9B952A6BCD0A0055E6A4 /* PetModel.swift */; };
		48BBD8602A52F1790053738A /* GradientView.swift in Sources */ = {isa = PBXBuildFile; fileRef = 48BBD85F2A52F1790053738A /* GradientView.swift */; };
		48BBD8632A52F28C0053738A /* Extention+UIColor.swift in Sources */ = {isa = PBXBuildFile; fileRef = 48BBD8622A52F28C0053738A /* Extention+UIColor.swift */; };
		755F7BAA2A4B565600D38DFC /* ProfileViewBuilder.swift in Sources */ = {isa = PBXBuildFile; fileRef = 755F7BA92A4B565600D38DFC /* ProfileViewBuilder.swift */; };
		755F7BAC2A4B572000D38DFC /* ProfileViewController.swift in Sources */ = {isa = PBXBuildFile; fileRef = 755F7BAB2A4B572000D38DFC /* ProfileViewController.swift */; };
		755F7BAE2A4B5B6A00D38DFC /* ProfilePresenter.swift in Sources */ = {isa = PBXBuildFile; fileRef = 755F7BAD2A4B5B6A00D38DFC /* ProfilePresenter.swift */; };
		7565C06B2A671D9F00CE3EAF /* FirebaseService.swift in Sources */ = {isa = PBXBuildFile; fileRef = 7565C06A2A671D9F00CE3EAF /* FirebaseService.swift */; };
		758D96482A42E495005A12E1 /* AppDelegate.swift in Sources */ = {isa = PBXBuildFile; fileRef = 758D96472A42E495005A12E1 /* AppDelegate.swift */; };
		758D96512A42E496005A12E1 /* Assets.xcassets in Resources */ = {isa = PBXBuildFile; fileRef = 758D96502A42E496005A12E1 /* Assets.xcassets */; };
		758D96542A42E496005A12E1 /* LaunchScreen.storyboard in Resources */ = {isa = PBXBuildFile; fileRef = 758D96522A42E496005A12E1 /* LaunchScreen.storyboard */; };
		758D967F2A437148005A12E1 /* AppCoordinator.swift in Sources */ = {isa = PBXBuildFile; fileRef = 758D967E2A437148005A12E1 /* AppCoordinator.swift */; };
		758D96822A437358005A12E1 /* RegistrationViewController.swift in Sources */ = {isa = PBXBuildFile; fileRef = 758D96812A437358005A12E1 /* RegistrationViewController.swift */; };
		758D96842A43760D005A12E1 /* RegistrationView.swift in Sources */ = {isa = PBXBuildFile; fileRef = 758D96832A43760D005A12E1 /* RegistrationView.swift */; };
		758D96882A438588005A12E1 /* SwipesViewController.swift in Sources */ = {isa = PBXBuildFile; fileRef = 758D96872A438562005A12E1 /* SwipesViewController.swift */; };
		758D96892A43858B005A12E1 /* SwipesView.swift in Sources */ = {isa = PBXBuildFile; fileRef = 758D96862A438562005A12E1 /* SwipesView.swift */; };
		758D968D2A43864E005A12E1 /* MatchesViewController.swift in Sources */ = {isa = PBXBuildFile; fileRef = 758D968B2A4385F2005A12E1 /* MatchesViewController.swift */; };
		758D968E2A438650005A12E1 /* MatchesView.swift in Sources */ = {isa = PBXBuildFile; fileRef = 758D968C2A4385F2005A12E1 /* MatchesView.swift */; };
		D74DC7282A6D7CC6005439E1 /* EditProfileService.swift in Sources */ = {isa = PBXBuildFile; fileRef = D74DC7272A6D7CC6005439E1 /* EditProfileService.swift */; };
		D74DC72B2A6D8EAF005439E1 /* PetService.swift in Sources */ = {isa = PBXBuildFile; fileRef = D74DC72A2A6D8EAF005439E1 /* PetService.swift */; };
		D74DC72F2A6D9067005439E1 /* PetInfo.swift in Sources */ = {isa = PBXBuildFile; fileRef = D74DC72E2A6D9067005439E1 /* PetInfo.swift */; };
		D752B8132A5CA833005820D0 /* UIViewController+showAlert.swift in Sources */ = {isa = PBXBuildFile; fileRef = D752B8122A5CA833005820D0 /* UIViewController+showAlert.swift */; };
		D7571BE52A785D2A008D9EB7 /* SwipeService.swift in Sources */ = {isa = PBXBuildFile; fileRef = D7571BE42A785D2A008D9EB7 /* SwipeService.swift */; };
		D75832B52A59AB7800E434FD /* FirebaseAnalytics in Frameworks */ = {isa = PBXBuildFile; productRef = D75832B42A59AB7800E434FD /* FirebaseAnalytics */; };
		D75832B72A59AB7800E434FD /* FirebaseAuth in Frameworks */ = {isa = PBXBuildFile; productRef = D75832B62A59AB7800E434FD /* FirebaseAuth */; };
		D75832B92A59AB7800E434FD /* FirebaseAuthCombine-Community in Frameworks */ = {isa = PBXBuildFile; productRef = D75832B82A59AB7800E434FD /* FirebaseAuthCombine-Community */; };
		D75832BB2A59AB7800E434FD /* FirebaseFirestore in Frameworks */ = {isa = PBXBuildFile; productRef = D75832BA2A59AB7800E434FD /* FirebaseFirestore */; };
		D75832BD2A59AB7800E434FD /* FirebaseMessaging in Frameworks */ = {isa = PBXBuildFile; productRef = D75832BC2A59AB7800E434FD /* FirebaseMessaging */; };
		D75832BF2A59AB7800E434FD /* FirebaseStorage in Frameworks */ = {isa = PBXBuildFile; productRef = D75832BE2A59AB7800E434FD /* FirebaseStorage */; };
		D75832C12A59ACCA00E434FD /* GoogleService-Info.plist in Resources */ = {isa = PBXBuildFile; fileRef = D75832C02A59ACCA00E434FD /* GoogleService-Info.plist */; };
		D7589A992A673F6300145760 /* RegistrationService.swift in Sources */ = {isa = PBXBuildFile; fileRef = D7589A982A673F6300145760 /* RegistrationService.swift */; };
		D7589A9B2A673FB700145760 /* Credentials.swift in Sources */ = {isa = PBXBuildFile; fileRef = D7589A9A2A673FB700145760 /* Credentials.swift */; };
		D7589A9E2A6741A100145760 /* LoginService.swift in Sources */ = {isa = PBXBuildFile; fileRef = D7589A9D2A6741A100145760 /* LoginService.swift */; };
		D76D0AE12A69822F0041BEC6 /* UserInfo.swift in Sources */ = {isa = PBXBuildFile; fileRef = D76D0AE02A69822F0041BEC6 /* UserInfo.swift */; };
		D76D0AE32A6982D80041BEC6 /* Constants.swift in Sources */ = {isa = PBXBuildFile; fileRef = D76D0AE22A6982D80041BEC6 /* Constants.swift */; };
/* End PBXBuildFile section */

/* Begin PBXContainerItemProxy section */
		758D965B2A42E496005A12E1 /* PBXContainerItemProxy */ = {
			isa = PBXContainerItemProxy;
			containerPortal = 758D963C2A42E495005A12E1 /* Project object */;
			proxyType = 1;
			remoteGlobalIDString = 758D96432A42E495005A12E1;
			remoteInfo = TindPet;
		};
		758D96652A42E496005A12E1 /* PBXContainerItemProxy */ = {
			isa = PBXContainerItemProxy;
			containerPortal = 758D963C2A42E495005A12E1 /* Project object */;
			proxyType = 1;
			remoteGlobalIDString = 758D96432A42E495005A12E1;
			remoteInfo = TindPet;
		};
/* End PBXContainerItemProxy section */

/* Begin PBXFileReference section */
		1F76EB8F2A7C0AB0003A29E2 /* README.md */ = {isa = PBXFileReference; lastKnownFileType = net.daringfireball.markdown; path = README.md; sourceTree = "<group>"; };
		1F98AA632A6687F600FF89BE /* QuoteView.swift */ = {isa = PBXFileReference; lastKnownFileType = sourcecode.swift; path = QuoteView.swift; sourceTree = "<group>"; };
		1FCE77342A5C2FCB0010E427 /* SwipesViewBuilder.swift */ = {isa = PBXFileReference; lastKnownFileType = sourcecode.swift; path = SwipesViewBuilder.swift; sourceTree = "<group>"; };
		1FCE77362A5C2FE80010E427 /* SwipesPresenter.swift */ = {isa = PBXFileReference; lastKnownFileType = sourcecode.swift; path = SwipesPresenter.swift; sourceTree = "<group>"; };
		481116E22A66C08500FFEE1C /* Key.swift */ = {isa = PBXFileReference; lastKnownFileType = sourcecode.swift; path = Key.swift; sourceTree = "<group>"; };
		481DD1CE2A683CFD00BA5C6B /* ProfileView.swift */ = {isa = PBXFileReference; lastKnownFileType = sourcecode.swift; path = ProfileView.swift; sourceTree = "<group>"; };
		481DD1D12A683E0200BA5C6B /* AvatarCell.swift */ = {isa = PBXFileReference; lastKnownFileType = sourcecode.swift; path = AvatarCell.swift; sourceTree = "<group>"; };
		481DD1D32A6840BB00BA5C6B /* AccountInfoCell.swift */ = {isa = PBXFileReference; lastKnownFileType = sourcecode.swift; path = AccountInfoCell.swift; sourceTree = "<group>"; };
		484693372A56DFD700CD016C /* LoginViewController.swift */ = {isa = PBXFileReference; lastKnownFileType = sourcecode.swift; path = LoginViewController.swift; sourceTree = "<group>"; };
		484693392A56E00100CD016C /* LoginView.swift */ = {isa = PBXFileReference; lastKnownFileType = sourcecode.swift; path = LoginView.swift; sourceTree = "<group>"; };
		4846933E2A56EE7A00CD016C /* LoginViewBuilder.swift */ = {isa = PBXFileReference; lastKnownFileType = sourcecode.swift; path = LoginViewBuilder.swift; sourceTree = "<group>"; };
		484693402A56EE9800CD016C /* LoginPresenter.swift */ = {isa = PBXFileReference; lastKnownFileType = sourcecode.swift; path = LoginPresenter.swift; sourceTree = "<group>"; };
		484693452A56FB1200CD016C /* RegistrationPresenter.swift */ = {isa = PBXFileReference; lastKnownFileType = sourcecode.swift; path = RegistrationPresenter.swift; sourceTree = "<group>"; };
		484693472A56FB3100CD016C /* RegistrationViewBuilder.swift */ = {isa = PBXFileReference; lastKnownFileType = sourcecode.swift; path = RegistrationViewBuilder.swift; sourceTree = "<group>"; };
		488B27602A6B140300FC315B /* PetCell.swift */ = {isa = PBXFileReference; lastKnownFileType = sourcecode.swift; path = PetCell.swift; sourceTree = "<group>"; };
		48AC9B952A6BCD0A0055E6A4 /* PetModel.swift */ = {isa = PBXFileReference; lastKnownFileType = sourcecode.swift; path = PetModel.swift; sourceTree = "<group>"; };
		48BBD85F2A52F1790053738A /* GradientView.swift */ = {isa = PBXFileReference; lastKnownFileType = sourcecode.swift; path = GradientView.swift; sourceTree = "<group>"; };
		48BBD8622A52F28C0053738A /* Extention+UIColor.swift */ = {isa = PBXFileReference; lastKnownFileType = sourcecode.swift; path = "Extention+UIColor.swift"; sourceTree = "<group>"; };
		755F7BA92A4B565600D38DFC /* ProfileViewBuilder.swift */ = {isa = PBXFileReference; lastKnownFileType = sourcecode.swift; path = ProfileViewBuilder.swift; sourceTree = "<group>"; };
		755F7BAB2A4B572000D38DFC /* ProfileViewController.swift */ = {isa = PBXFileReference; lastKnownFileType = sourcecode.swift; path = ProfileViewController.swift; sourceTree = "<group>"; };
		755F7BAD2A4B5B6A00D38DFC /* ProfilePresenter.swift */ = {isa = PBXFileReference; lastKnownFileType = sourcecode.swift; path = ProfilePresenter.swift; sourceTree = "<group>"; };
		7565C06A2A671D9F00CE3EAF /* FirebaseService.swift */ = {isa = PBXFileReference; fileEncoding = 4; lastKnownFileType = sourcecode.swift; path = FirebaseService.swift; sourceTree = "<group>"; };
		758D96442A42E495005A12E1 /* TindPet.app */ = {isa = PBXFileReference; explicitFileType = wrapper.application; includeInIndex = 0; path = TindPet.app; sourceTree = BUILT_PRODUCTS_DIR; };
		758D96472A42E495005A12E1 /* AppDelegate.swift */ = {isa = PBXFileReference; lastKnownFileType = sourcecode.swift; path = AppDelegate.swift; sourceTree = "<group>"; };
		758D96502A42E496005A12E1 /* Assets.xcassets */ = {isa = PBXFileReference; lastKnownFileType = folder.assetcatalog; path = Assets.xcassets; sourceTree = "<group>"; };
		758D96532A42E496005A12E1 /* Base */ = {isa = PBXFileReference; lastKnownFileType = file.storyboard; name = Base; path = Base.lproj/LaunchScreen.storyboard; sourceTree = "<group>"; };
		758D96552A42E496005A12E1 /* Info.plist */ = {isa = PBXFileReference; lastKnownFileType = text.plist.xml; path = Info.plist; sourceTree = "<group>"; };
		758D965A2A42E496005A12E1 /* TindPetTests.xctest */ = {isa = PBXFileReference; explicitFileType = wrapper.cfbundle; includeInIndex = 0; path = TindPetTests.xctest; sourceTree = BUILT_PRODUCTS_DIR; };
		758D965E2A42E496005A12E1 /* TindPetTests.swift */ = {isa = PBXFileReference; lastKnownFileType = sourcecode.swift; path = TindPetTests.swift; sourceTree = "<group>"; };
		758D96642A42E496005A12E1 /* TindPetUITests.xctest */ = {isa = PBXFileReference; explicitFileType = wrapper.cfbundle; includeInIndex = 0; path = TindPetUITests.xctest; sourceTree = BUILT_PRODUCTS_DIR; };
		758D96682A42E496005A12E1 /* TindPetUITests.swift */ = {isa = PBXFileReference; lastKnownFileType = sourcecode.swift; path = TindPetUITests.swift; sourceTree = "<group>"; };
		758D966A2A42E496005A12E1 /* TindPetUITestsLaunchTests.swift */ = {isa = PBXFileReference; lastKnownFileType = sourcecode.swift; path = TindPetUITestsLaunchTests.swift; sourceTree = "<group>"; };
		758D967E2A437148005A12E1 /* AppCoordinator.swift */ = {isa = PBXFileReference; lastKnownFileType = sourcecode.swift; path = AppCoordinator.swift; sourceTree = "<group>"; };
		758D96812A437358005A12E1 /* RegistrationViewController.swift */ = {isa = PBXFileReference; lastKnownFileType = sourcecode.swift; path = RegistrationViewController.swift; sourceTree = "<group>"; };
		758D96832A43760D005A12E1 /* RegistrationView.swift */ = {isa = PBXFileReference; lastKnownFileType = sourcecode.swift; path = RegistrationView.swift; sourceTree = "<group>"; };
		758D96862A438562005A12E1 /* SwipesView.swift */ = {isa = PBXFileReference; lastKnownFileType = sourcecode.swift; path = SwipesView.swift; sourceTree = "<group>"; };
		758D96872A438562005A12E1 /* SwipesViewController.swift */ = {isa = PBXFileReference; lastKnownFileType = sourcecode.swift; path = SwipesViewController.swift; sourceTree = "<group>"; };
		758D968B2A4385F2005A12E1 /* MatchesViewController.swift */ = {isa = PBXFileReference; lastKnownFileType = sourcecode.swift; path = MatchesViewController.swift; sourceTree = "<group>"; };
		758D968C2A4385F2005A12E1 /* MatchesView.swift */ = {isa = PBXFileReference; lastKnownFileType = sourcecode.swift; path = MatchesView.swift; sourceTree = "<group>"; };
		D74DC7272A6D7CC6005439E1 /* EditProfileService.swift */ = {isa = PBXFileReference; lastKnownFileType = sourcecode.swift; path = EditProfileService.swift; sourceTree = "<group>"; };
		D74DC72A2A6D8EAF005439E1 /* PetService.swift */ = {isa = PBXFileReference; lastKnownFileType = sourcecode.swift; path = PetService.swift; sourceTree = "<group>"; };
		D74DC72E2A6D9067005439E1 /* PetInfo.swift */ = {isa = PBXFileReference; lastKnownFileType = sourcecode.swift; path = PetInfo.swift; sourceTree = "<group>"; };
		D752B8122A5CA833005820D0 /* UIViewController+showAlert.swift */ = {isa = PBXFileReference; lastKnownFileType = sourcecode.swift; path = "UIViewController+showAlert.swift"; sourceTree = "<group>"; };
		D7571BE42A785D2A008D9EB7 /* SwipeService.swift */ = {isa = PBXFileReference; lastKnownFileType = sourcecode.swift; path = SwipeService.swift; sourceTree = "<group>"; };
		D75832C02A59ACCA00E434FD /* GoogleService-Info.plist */ = {isa = PBXFileReference; fileEncoding = 4; lastKnownFileType = text.plist.xml; path = "GoogleService-Info.plist"; sourceTree = "<group>"; };
		D7589A982A673F6300145760 /* RegistrationService.swift */ = {isa = PBXFileReference; lastKnownFileType = sourcecode.swift; path = RegistrationService.swift; sourceTree = "<group>"; };
		D7589A9A2A673FB700145760 /* Credentials.swift */ = {isa = PBXFileReference; lastKnownFileType = sourcecode.swift; path = Credentials.swift; sourceTree = "<group>"; };
		D7589A9D2A6741A100145760 /* LoginService.swift */ = {isa = PBXFileReference; lastKnownFileType = sourcecode.swift; path = LoginService.swift; sourceTree = "<group>"; };
		D76D0AE02A69822F0041BEC6 /* UserInfo.swift */ = {isa = PBXFileReference; lastKnownFileType = sourcecode.swift; path = UserInfo.swift; sourceTree = "<group>"; };
		D76D0AE22A6982D80041BEC6 /* Constants.swift */ = {isa = PBXFileReference; lastKnownFileType = sourcecode.swift; path = Constants.swift; sourceTree = "<group>"; };
/* End PBXFileReference section */

/* Begin PBXFrameworksBuildPhase section */
		758D96412A42E495005A12E1 /* Frameworks */ = {
			isa = PBXFrameworksBuildPhase;
			buildActionMask = 2147483647;
			files = (
				D75832B52A59AB7800E434FD /* FirebaseAnalytics in Frameworks */,
				D75832BB2A59AB7800E434FD /* FirebaseFirestore in Frameworks */,
				D75832BD2A59AB7800E434FD /* FirebaseMessaging in Frameworks */,
				D75832B92A59AB7800E434FD /* FirebaseAuthCombine-Community in Frameworks */,
				D75832B72A59AB7800E434FD /* FirebaseAuth in Frameworks */,
				D75832BF2A59AB7800E434FD /* FirebaseStorage in Frameworks */,
			);
			runOnlyForDeploymentPostprocessing = 0;
		};
/* End PBXFrameworksBuildPhase section */

/* Begin PBXGroup section */
		1FCE77312A5C2F880010E427 /* View */ = {
			isa = PBXGroup;
			children = (
				758D96872A438562005A12E1 /* SwipesViewController.swift */,
				758D96862A438562005A12E1 /* SwipesView.swift */,
				1F98AA632A6687F600FF89BE /* QuoteView.swift */,
			);
			path = View;
			sourceTree = "<group>";
		};
		1FCE77322A5C2F8E0010E427 /* Presenter */ = {
			isa = PBXGroup;
			children = (
				1FCE77362A5C2FE80010E427 /* SwipesPresenter.swift */,
			);
			path = Presenter;
			sourceTree = "<group>";
		};
		1FCE77332A5C2F960010E427 /* Builder */ = {
			isa = PBXGroup;
			children = (
				1FCE77342A5C2FCB0010E427 /* SwipesViewBuilder.swift */,
			);
			path = Builder;
			sourceTree = "<group>";
		};
		481116DC2A66888200FFEE1C /* FirebaseService */ = {
			isa = PBXGroup;
			children = (
				D7571BE32A785D0B008D9EB7 /* SwipeService */,
				D74DC7262A6D7C7E005439E1 /* EditProfileService */,
				D7589A9C2A67416F00145760 /* LoginService */,
				D7589A972A673F1100145760 /* RegistrationService */,
				D74DC7292A6D8E92005439E1 /* PetService */,
				7565C06A2A671D9F00CE3EAF /* FirebaseService.swift */,
			);
			path = FirebaseService;
			sourceTree = "<group>";
		};
		481116E12A66C07100FFEE1C /* Constants */ = {
			isa = PBXGroup;
			children = (
				481116E22A66C08500FFEE1C /* Key.swift */,
			);
			path = Constants;
			sourceTree = "<group>";
		};
		481DD1D02A683DCE00BA5C6B /* Cell */ = {
			isa = PBXGroup;
			children = (
				481DD1D12A683E0200BA5C6B /* AvatarCell.swift */,
				481DD1D32A6840BB00BA5C6B /* AccountInfoCell.swift */,
				488B27602A6B140300FC315B /* PetCell.swift */,
			);
			path = Cell;
			sourceTree = "<group>";
		};
		484693362A56DF7F00CD016C /* Login */ = {
			isa = PBXGroup;
			children = (
				4846933D2A56EE5B00CD016C /* Builder */,
				4846933C2A56EE4D00CD016C /* Presenter */,
				4846933B2A56EE3700CD016C /* View */,
			);
			path = Login;
			sourceTree = "<group>";
		};
		4846933B2A56EE3700CD016C /* View */ = {
			isa = PBXGroup;
			children = (
				484693372A56DFD700CD016C /* LoginViewController.swift */,
				484693392A56E00100CD016C /* LoginView.swift */,
				48BBD85F2A52F1790053738A /* GradientView.swift */,
			);
			path = View;
			sourceTree = "<group>";
		};
		4846933C2A56EE4D00CD016C /* Presenter */ = {
			isa = PBXGroup;
			children = (
				484693402A56EE9800CD016C /* LoginPresenter.swift */,
			);
			path = Presenter;
			sourceTree = "<group>";
		};
		4846933D2A56EE5B00CD016C /* Builder */ = {
			isa = PBXGroup;
			children = (
				4846933E2A56EE7A00CD016C /* LoginViewBuilder.swift */,
			);
			path = Builder;
			sourceTree = "<group>";
		};
		484693422A56F88500CD016C /* Builder */ = {
			isa = PBXGroup;
			children = (
				484693472A56FB3100CD016C /* RegistrationViewBuilder.swift */,
			);
			path = Builder;
			sourceTree = "<group>";
		};
		484693432A56F89100CD016C /* Presenter */ = {
			isa = PBXGroup;
			children = (
				484693452A56FB1200CD016C /* RegistrationPresenter.swift */,
			);
			path = Presenter;
			sourceTree = "<group>";
		};
		484693442A56F89900CD016C /* View */ = {
			isa = PBXGroup;
			children = (
				758D96812A437358005A12E1 /* RegistrationViewController.swift */,
				758D96832A43760D005A12E1 /* RegistrationView.swift */,
			);
			path = View;
			sourceTree = "<group>";
		};
		48AC9B942A6BCCFA0055E6A4 /* Model */ = {
			isa = PBXGroup;
			children = (
				48AC9B952A6BCD0A0055E6A4 /* PetModel.swift */,
			);
			path = Model;
			sourceTree = "<group>";
		};
		48BBD8612A52F2760053738A /* Extention */ = {
			isa = PBXGroup;
			children = (
				D752B8122A5CA833005820D0 /* UIViewController+showAlert.swift */,
				48BBD8622A52F28C0053738A /* Extention+UIColor.swift */,
			);
			path = Extention;
			sourceTree = "<group>";
		};
		755F7BA62A4B556700D38DFC /* View */ = {
			isa = PBXGroup;
			children = (
				755F7BAB2A4B572000D38DFC /* ProfileViewController.swift */,
				481DD1CE2A683CFD00BA5C6B /* ProfileView.swift */,
				481DD1D02A683DCE00BA5C6B /* Cell */,
			);
			path = View;
			sourceTree = "<group>";
		};
		755F7BA72A4B556C00D38DFC /* Presenter */ = {
			isa = PBXGroup;
			children = (
				755F7BAD2A4B5B6A00D38DFC /* ProfilePresenter.swift */,
			);
			path = Presenter;
			sourceTree = "<group>";
		};
		755F7BA82A4B557200D38DFC /* Builder */ = {
			isa = PBXGroup;
			children = (
				755F7BA92A4B565600D38DFC /* ProfileViewBuilder.swift */,
			);
			path = Builder;
			sourceTree = "<group>";
		};
		758D963B2A42E495005A12E1 = {
			isa = PBXGroup;
			children = (
				1F76EB8F2A7C0AB0003A29E2 /* README.md */,
				758D96462A42E495005A12E1 /* TindPet */,
				758D965D2A42E496005A12E1 /* TindPetTests */,
				758D96672A42E496005A12E1 /* TindPetUITests */,
				758D96452A42E495005A12E1 /* Products */,
			);
			sourceTree = "<group>";
		};
		758D96452A42E495005A12E1 /* Products */ = {
			isa = PBXGroup;
			children = (
				758D96442A42E495005A12E1 /* TindPet.app */,
				758D965A2A42E496005A12E1 /* TindPetTests.xctest */,
				758D96642A42E496005A12E1 /* TindPetUITests.xctest */,
			);
			name = Products;
			sourceTree = "<group>";
		};
		758D96462A42E495005A12E1 /* TindPet */ = {
			isa = PBXGroup;
			children = (
				758D96772A42F204005A12E1 /* App */,
				758D967C2A42F23D005A12E1 /* Core */,
				758D967D2A42F246005A12E1 /* Resources */,
				758D96522A42E496005A12E1 /* LaunchScreen.storyboard */,
				758D96552A42E496005A12E1 /* Info.plist */,
				D75832C02A59ACCA00E434FD /* GoogleService-Info.plist */,
			);
			path = TindPet;
			sourceTree = "<group>";
		};
		758D965D2A42E496005A12E1 /* TindPetTests */ = {
			isa = PBXGroup;
			children = (
				758D965E2A42E496005A12E1 /* TindPetTests.swift */,
			);
			path = TindPetTests;
			sourceTree = "<group>";
		};
		758D96672A42E496005A12E1 /* TindPetUITests */ = {
			isa = PBXGroup;
			children = (
				758D96682A42E496005A12E1 /* TindPetUITests.swift */,
				758D966A2A42E496005A12E1 /* TindPetUITestsLaunchTests.swift */,
			);
			path = TindPetUITests;
			sourceTree = "<group>";
		};
		758D96772A42F204005A12E1 /* App */ = {
			isa = PBXGroup;
			children = (
				758D96792A42F215005A12E1 /* Models */,
				758D96782A42F20F005A12E1 /* BusinessLogic */,
				758D967A2A42F222005A12E1 /* Assembly */,
				758D967B2A42F22A005A12E1 /* Flows */,
			);
			path = App;
			sourceTree = "<group>";
		};
		758D96782A42F20F005A12E1 /* BusinessLogic */ = {
			isa = PBXGroup;
			children = (
			);
			path = BusinessLogic;
			sourceTree = "<group>";
		};
		758D96792A42F215005A12E1 /* Models */ = {
			isa = PBXGroup;
			children = (
				48AC9B942A6BCCFA0055E6A4 /* Model */,
				481116E12A66C07100FFEE1C /* Constants */,
				481116DC2A66888200FFEE1C /* FirebaseService */,
				48BBD8612A52F2760053738A /* Extention */,
			);
			path = Models;
			sourceTree = "<group>";
		};
		758D967A2A42F222005A12E1 /* Assembly */ = {
			isa = PBXGroup;
			children = (
			);
			path = Assembly;
			sourceTree = "<group>";
		};
		758D967B2A42F22A005A12E1 /* Flows */ = {
			isa = PBXGroup;
			children = (
				758D968F2A438674005A12E1 /* Profile */,
				758D968A2A4385E0005A12E1 /* Matches */,
				758D96852A438547005A12E1 /* Swipes */,
				758D96802A437337005A12E1 /* Registration */,
				484693362A56DF7F00CD016C /* Login */,
			);
			path = Flows;
			sourceTree = "<group>";
		};
		758D967C2A42F23D005A12E1 /* Core */ = {
			isa = PBXGroup;
			children = (
				758D96472A42E495005A12E1 /* AppDelegate.swift */,
				758D967E2A437148005A12E1 /* AppCoordinator.swift */,
			);
			path = Core;
			sourceTree = "<group>";
		};
		758D967D2A42F246005A12E1 /* Resources */ = {
			isa = PBXGroup;
			children = (
				758D96502A42E496005A12E1 /* Assets.xcassets */,
			);
			path = Resources;
			sourceTree = "<group>";
		};
		758D96802A437337005A12E1 /* Registration */ = {
			isa = PBXGroup;
			children = (
				484693422A56F88500CD016C /* Builder */,
				484693432A56F89100CD016C /* Presenter */,
				484693442A56F89900CD016C /* View */,
			);
			path = Registration;
			sourceTree = "<group>";
		};
		758D96852A438547005A12E1 /* Swipes */ = {
			isa = PBXGroup;
			children = (
				1FCE77332A5C2F960010E427 /* Builder */,
				1FCE77322A5C2F8E0010E427 /* Presenter */,
				1FCE77312A5C2F880010E427 /* View */,
			);
			path = Swipes;
			sourceTree = "<group>";
		};
		758D968A2A4385E0005A12E1 /* Matches */ = {
			isa = PBXGroup;
			children = (
				758D968B2A4385F2005A12E1 /* MatchesViewController.swift */,
				758D968C2A4385F2005A12E1 /* MatchesView.swift */,
			);
			path = Matches;
			sourceTree = "<group>";
		};
		758D968F2A438674005A12E1 /* Profile */ = {
			isa = PBXGroup;
			children = (
				755F7BA82A4B557200D38DFC /* Builder */,
				755F7BA72A4B556C00D38DFC /* Presenter */,
				755F7BA62A4B556700D38DFC /* View */,
			);
			path = Profile;
			sourceTree = "<group>";
		};
		D74DC7262A6D7C7E005439E1 /* EditProfileService */ = {
			isa = PBXGroup;
			children = (
				D74DC7272A6D7CC6005439E1 /* EditProfileService.swift */,
			);
			path = EditProfileService;
			sourceTree = "<group>";
		};
		D74DC7292A6D8E92005439E1 /* PetService */ = {
			isa = PBXGroup;
			children = (
				D74DC72A2A6D8EAF005439E1 /* PetService.swift */,
				D74DC72E2A6D9067005439E1 /* PetInfo.swift */,
			);
			path = PetService;
			sourceTree = "<group>";
		};
		D7571BE32A785D0B008D9EB7 /* SwipeService */ = {
			isa = PBXGroup;
			children = (
				D7571BE42A785D2A008D9EB7 /* SwipeService.swift */,
			);
			path = SwipeService;
			sourceTree = "<group>";
		};
		D7589A972A673F1100145760 /* RegistrationService */ = {
			isa = PBXGroup;
			children = (
				D7589A982A673F6300145760 /* RegistrationService.swift */,
				D7589A9A2A673FB700145760 /* Credentials.swift */,
			);
			path = RegistrationService;
			sourceTree = "<group>";
		};
		D7589A9C2A67416F00145760 /* LoginService */ = {
			isa = PBXGroup;
			children = (
				D7589A9D2A6741A100145760 /* LoginService.swift */,
				D76D0AE02A69822F0041BEC6 /* UserInfo.swift */,
				D76D0AE22A6982D80041BEC6 /* Constants.swift */,
			);
			path = LoginService;
			sourceTree = "<group>";
		};
/* End PBXGroup section */

/* Begin PBXNativeTarget section */
		758D96432A42E495005A12E1 /* TindPet */ = {
			isa = PBXNativeTarget;
			buildConfigurationList = 758D966E2A42E496005A12E1 /* Build configuration list for PBXNativeTarget "TindPet" */;
			buildPhases = (
				758D96402A42E495005A12E1 /* Sources */,
				758D96412A42E495005A12E1 /* Frameworks */,
				758D96422A42E495005A12E1 /* Resources */,
				758D96942A438766005A12E1 /* ShellScript */,
			);
			buildRules = (
			);
			dependencies = (
			);
			name = TindPet;
			packageProductDependencies = (
				D75832B42A59AB7800E434FD /* FirebaseAnalytics */,
				D75832B62A59AB7800E434FD /* FirebaseAuth */,
				D75832B82A59AB7800E434FD /* FirebaseAuthCombine-Community */,
				D75832BA2A59AB7800E434FD /* FirebaseFirestore */,
				D75832BC2A59AB7800E434FD /* FirebaseMessaging */,
				D75832BE2A59AB7800E434FD /* FirebaseStorage */,
			);
			productName = TindPet;
			productReference = 758D96442A42E495005A12E1 /* TindPet.app */;
			productType = "com.apple.product-type.application";
		};
		758D96592A42E496005A12E1 /* TindPetTests */ = {
			isa = PBXNativeTarget;
			buildConfigurationList = 758D96712A42E496005A12E1 /* Build configuration list for PBXNativeTarget "TindPetTests" */;
			buildPhases = (
				758D96562A42E496005A12E1 /* Sources */,
				758D96582A42E496005A12E1 /* Resources */,
			);
			buildRules = (
			);
			dependencies = (
				758D965C2A42E496005A12E1 /* PBXTargetDependency */,
			);
			name = TindPetTests;
			productName = TindPetTests;
			productReference = 758D965A2A42E496005A12E1 /* TindPetTests.xctest */;
			productType = "com.apple.product-type.bundle.unit-test";
		};
		758D96632A42E496005A12E1 /* TindPetUITests */ = {
			isa = PBXNativeTarget;
			buildConfigurationList = 758D96742A42E496005A12E1 /* Build configuration list for PBXNativeTarget "TindPetUITests" */;
			buildPhases = (
				758D96602A42E496005A12E1 /* Sources */,
				758D96622A42E496005A12E1 /* Resources */,
			);
			buildRules = (
			);
			dependencies = (
				758D96662A42E496005A12E1 /* PBXTargetDependency */,
			);
			name = TindPetUITests;
			productName = TindPetUITests;
			productReference = 758D96642A42E496005A12E1 /* TindPetUITests.xctest */;
			productType = "com.apple.product-type.bundle.ui-testing";
		};
/* End PBXNativeTarget section */

/* Begin PBXProject section */
		758D963C2A42E495005A12E1 /* Project object */ = {
			isa = PBXProject;
			attributes = {
				BuildIndependentTargetsInParallel = 1;
				LastSwiftUpdateCheck = 1430;
				LastUpgradeCheck = 1430;
				TargetAttributes = {
					758D96432A42E495005A12E1 = {
						CreatedOnToolsVersion = 14.3.1;
					};
					758D96592A42E496005A12E1 = {
						CreatedOnToolsVersion = 14.3.1;
						TestTargetID = 758D96432A42E495005A12E1;
					};
					758D96632A42E496005A12E1 = {
						CreatedOnToolsVersion = 14.3.1;
						TestTargetID = 758D96432A42E495005A12E1;
					};
				};
			};
			buildConfigurationList = 758D963F2A42E495005A12E1 /* Build configuration list for PBXProject "TindPet" */;
			compatibilityVersion = "Xcode 14.0";
			developmentRegion = en;
			hasScannedForEncodings = 0;
			knownRegions = (
				en,
				Base,
			);
			mainGroup = 758D963B2A42E495005A12E1;
			packageReferences = (
				D75832B32A59AB7800E434FD /* XCRemoteSwiftPackageReference "firebase-ios-sdk" */,
			);
			productRefGroup = 758D96452A42E495005A12E1 /* Products */;
			projectDirPath = "";
			projectRoot = "";
			targets = (
				758D96432A42E495005A12E1 /* TindPet */,
				758D96592A42E496005A12E1 /* TindPetTests */,
				758D96632A42E496005A12E1 /* TindPetUITests */,
			);
		};
/* End PBXProject section */

/* Begin PBXResourcesBuildPhase section */
		758D96422A42E495005A12E1 /* Resources */ = {
			isa = PBXResourcesBuildPhase;
			buildActionMask = 2147483647;
			files = (
				758D96542A42E496005A12E1 /* LaunchScreen.storyboard in Resources */,
				758D96512A42E496005A12E1 /* Assets.xcassets in Resources */,
				D75832C12A59ACCA00E434FD /* GoogleService-Info.plist in Resources */,
			);
			runOnlyForDeploymentPostprocessing = 0;
		};
		758D96582A42E496005A12E1 /* Resources */ = {
			isa = PBXResourcesBuildPhase;
			buildActionMask = 2147483647;
			files = (
			);
			runOnlyForDeploymentPostprocessing = 0;
		};
		758D96622A42E496005A12E1 /* Resources */ = {
			isa = PBXResourcesBuildPhase;
			buildActionMask = 2147483647;
			files = (
			);
			runOnlyForDeploymentPostprocessing = 0;
		};
/* End PBXResourcesBuildPhase section */

/* Begin PBXShellScriptBuildPhase section */
		758D96942A438766005A12E1 /* ShellScript */ = {
			isa = PBXShellScriptBuildPhase;
			alwaysOutOfDate = 1;
			buildActionMask = 2147483647;
			files = (
			);
			inputFileListPaths = (
			);
			inputPaths = (
			);
			outputFileListPaths = (
			);
			outputPaths = (
			);
			runOnlyForDeploymentPostprocessing = 0;
			shellPath = /bin/sh;
			shellScript = "# Type a script or drag a script file from your workspace to insert its path.\n#exit 0\nPATH=/opt/homebrew/bin:$PATH\nif [ -f ./LintConfig/swiftlint.yml ]; then\n  if which swiftlint >/dev/null; then\n    swiftlint --no-cache --config ./LintConfig/swiftlint.yml\n  fi\nfi\n";
		};
/* End PBXShellScriptBuildPhase section */

/* Begin PBXSourcesBuildPhase section */
		758D96402A42E495005A12E1 /* Sources */ = {
			isa = PBXSourcesBuildPhase;
			buildActionMask = 2147483647;
			files = (
				484693482A56FB3100CD016C /* RegistrationViewBuilder.swift in Sources */,
				488B27612A6B140300FC315B /* PetCell.swift in Sources */,
				481DD1D42A6840BB00BA5C6B /* AccountInfoCell.swift in Sources */,
				481DD1D22A683E0200BA5C6B /* AvatarCell.swift in Sources */,
				1F98AA642A6687F600FF89BE /* QuoteView.swift in Sources */,
				4846933F2A56EE7A00CD016C /* LoginViewBuilder.swift in Sources */,
				755F7BAC2A4B572000D38DFC /* ProfileViewController.swift in Sources */,
				D76D0AE32A6982D80041BEC6 /* Constants.swift in Sources */,
				755F7BAE2A4B5B6A00D38DFC /* ProfilePresenter.swift in Sources */,
				484693382A56DFD700CD016C /* LoginViewController.swift in Sources */,
				758D96482A42E495005A12E1 /* AppDelegate.swift in Sources */,
				755F7BAA2A4B565600D38DFC /* ProfileViewBuilder.swift in Sources */,
				D76D0AE12A69822F0041BEC6 /* UserInfo.swift in Sources */,
				758D968D2A43864E005A12E1 /* MatchesViewController.swift in Sources */,
				D7571BE52A785D2A008D9EB7 /* SwipeService.swift in Sources */,
				D7589A992A673F6300145760 /* RegistrationService.swift in Sources */,
				D74DC72B2A6D8EAF005439E1 /* PetService.swift in Sources */,
				758D967F2A437148005A12E1 /* AppCoordinator.swift in Sources */,
				758D967F2A437148005A12E1 /* AppCoordinator.swift in Sources */,
				758D968E2A438650005A12E1 /* MatchesView.swift in Sources */,
				48BBD8632A52F28C0053738A /* Extention+UIColor.swift in Sources */,
				758D96842A43760D005A12E1 /* RegistrationView.swift in Sources */,
				D7589A9E2A6741A100145760 /* LoginService.swift in Sources */,
				758D96892A43858B005A12E1 /* SwipesView.swift in Sources */,
				481DD1CF2A683CFD00BA5C6B /* ProfileView.swift in Sources */,
				48BBD8602A52F1790053738A /* GradientView.swift in Sources */,
				758D96822A437358005A12E1 /* RegistrationViewController.swift in Sources */,
				1FCE77352A5C2FCB0010E427 /* SwipesViewBuilder.swift in Sources */,
				484693462A56FB1200CD016C /* RegistrationPresenter.swift in Sources */,
				D7589A9B2A673FB700145760 /* Credentials.swift in Sources */,
				484693412A56EE9800CD016C /* LoginPresenter.swift in Sources */,
				D74DC72F2A6D9067005439E1 /* PetInfo.swift in Sources */,
				48AC9B962A6BCD0A0055E6A4 /* PetModel.swift in Sources */,
				7565C06B2A671D9F00CE3EAF /* FirebaseService.swift in Sources */,
				1FCE77372A5C2FE80010E427 /* SwipesPresenter.swift in Sources */,
				4846933A2A56E00100CD016C /* LoginView.swift in Sources */,
				D752B8132A5CA833005820D0 /* UIViewController+showAlert.swift in Sources */,
				D74DC7282A6D7CC6005439E1 /* EditProfileService.swift in Sources */,
				758D96882A438588005A12E1 /* SwipesViewController.swift in Sources */,
				481116E32A66C08500FFEE1C /* Key.swift in Sources */,
			);
			runOnlyForDeploymentPostprocessing = 0;
		};
		758D96562A42E496005A12E1 /* Sources */ = {
			isa = PBXSourcesBuildPhase;
			buildActionMask = 2147483647;
			files = (
			);
			runOnlyForDeploymentPostprocessing = 0;
		};
		758D96602A42E496005A12E1 /* Sources */ = {
			isa = PBXSourcesBuildPhase;
			buildActionMask = 2147483647;
			files = (
			);
			runOnlyForDeploymentPostprocessing = 0;
		};
/* End PBXSourcesBuildPhase section */

/* Begin PBXTargetDependency section */
		758D965C2A42E496005A12E1 /* PBXTargetDependency */ = {
			isa = PBXTargetDependency;
			target = 758D96432A42E495005A12E1 /* TindPet */;
			targetProxy = 758D965B2A42E496005A12E1 /* PBXContainerItemProxy */;
		};
		758D96662A42E496005A12E1 /* PBXTargetDependency */ = {
			isa = PBXTargetDependency;
			target = 758D96432A42E495005A12E1 /* TindPet */;
			targetProxy = 758D96652A42E496005A12E1 /* PBXContainerItemProxy */;
		};
/* End PBXTargetDependency section */

/* Begin PBXVariantGroup section */
		758D96522A42E496005A12E1 /* LaunchScreen.storyboard */ = {
			isa = PBXVariantGroup;
			children = (
				758D96532A42E496005A12E1 /* Base */,
			);
			name = LaunchScreen.storyboard;
			sourceTree = "<group>";
		};
/* End PBXVariantGroup section */

/* Begin XCBuildConfiguration section */
		758D966C2A42E496005A12E1 /* Debug */ = {
			isa = XCBuildConfiguration;
			buildSettings = {
				ALWAYS_SEARCH_USER_PATHS = NO;
				CLANG_ANALYZER_NONNULL = YES;
				CLANG_ANALYZER_NUMBER_OBJECT_CONVERSION = YES_AGGRESSIVE;
				CLANG_CXX_LANGUAGE_STANDARD = "gnu++20";
				CLANG_ENABLE_MODULES = YES;
				CLANG_ENABLE_OBJC_ARC = YES;
				CLANG_ENABLE_OBJC_WEAK = YES;
				CLANG_WARN_BLOCK_CAPTURE_AUTORELEASING = YES;
				CLANG_WARN_BOOL_CONVERSION = YES;
				CLANG_WARN_COMMA = YES;
				CLANG_WARN_CONSTANT_CONVERSION = YES;
				CLANG_WARN_DEPRECATED_OBJC_IMPLEMENTATIONS = YES;
				CLANG_WARN_DIRECT_OBJC_ISA_USAGE = YES_ERROR;
				CLANG_WARN_DOCUMENTATION_COMMENTS = YES;
				CLANG_WARN_EMPTY_BODY = YES;
				CLANG_WARN_ENUM_CONVERSION = YES;
				CLANG_WARN_INFINITE_RECURSION = YES;
				CLANG_WARN_INT_CONVERSION = YES;
				CLANG_WARN_NON_LITERAL_NULL_CONVERSION = YES;
				CLANG_WARN_OBJC_IMPLICIT_RETAIN_SELF = YES;
				CLANG_WARN_OBJC_LITERAL_CONVERSION = YES;
				CLANG_WARN_OBJC_ROOT_CLASS = YES_ERROR;
				CLANG_WARN_QUOTED_INCLUDE_IN_FRAMEWORK_HEADER = YES;
				CLANG_WARN_RANGE_LOOP_ANALYSIS = YES;
				CLANG_WARN_STRICT_PROTOTYPES = YES;
				CLANG_WARN_SUSPICIOUS_MOVE = YES;
				CLANG_WARN_UNGUARDED_AVAILABILITY = YES_AGGRESSIVE;
				CLANG_WARN_UNREACHABLE_CODE = YES;
				CLANG_WARN__DUPLICATE_METHOD_MATCH = YES;
				COPY_PHASE_STRIP = NO;
				DEBUG_INFORMATION_FORMAT = dwarf;
				ENABLE_STRICT_OBJC_MSGSEND = YES;
				ENABLE_TESTABILITY = YES;
				GCC_C_LANGUAGE_STANDARD = gnu11;
				GCC_DYNAMIC_NO_PIC = NO;
				GCC_NO_COMMON_BLOCKS = YES;
				GCC_OPTIMIZATION_LEVEL = 0;
				GCC_PREPROCESSOR_DEFINITIONS = (
					"DEBUG=1",
					"$(inherited)",
				);
				GCC_WARN_64_TO_32_BIT_CONVERSION = YES;
				GCC_WARN_ABOUT_RETURN_TYPE = YES_ERROR;
				GCC_WARN_UNDECLARED_SELECTOR = YES;
				GCC_WARN_UNINITIALIZED_AUTOS = YES_AGGRESSIVE;
				GCC_WARN_UNUSED_FUNCTION = YES;
				GCC_WARN_UNUSED_VARIABLE = YES;
				IPHONEOS_DEPLOYMENT_TARGET = 16.4;
				MTL_ENABLE_DEBUG_INFO = INCLUDE_SOURCE;
				MTL_FAST_MATH = YES;
				ONLY_ACTIVE_ARCH = YES;
				SDKROOT = iphoneos;
				SWIFT_ACTIVE_COMPILATION_CONDITIONS = DEBUG;
				SWIFT_OPTIMIZATION_LEVEL = "-Onone";
			};
			name = Debug;
		};
		758D966D2A42E496005A12E1 /* Release */ = {
			isa = XCBuildConfiguration;
			buildSettings = {
				ALWAYS_SEARCH_USER_PATHS = NO;
				CLANG_ANALYZER_NONNULL = YES;
				CLANG_ANALYZER_NUMBER_OBJECT_CONVERSION = YES_AGGRESSIVE;
				CLANG_CXX_LANGUAGE_STANDARD = "gnu++20";
				CLANG_ENABLE_MODULES = YES;
				CLANG_ENABLE_OBJC_ARC = YES;
				CLANG_ENABLE_OBJC_WEAK = YES;
				CLANG_WARN_BLOCK_CAPTURE_AUTORELEASING = YES;
				CLANG_WARN_BOOL_CONVERSION = YES;
				CLANG_WARN_COMMA = YES;
				CLANG_WARN_CONSTANT_CONVERSION = YES;
				CLANG_WARN_DEPRECATED_OBJC_IMPLEMENTATIONS = YES;
				CLANG_WARN_DIRECT_OBJC_ISA_USAGE = YES_ERROR;
				CLANG_WARN_DOCUMENTATION_COMMENTS = YES;
				CLANG_WARN_EMPTY_BODY = YES;
				CLANG_WARN_ENUM_CONVERSION = YES;
				CLANG_WARN_INFINITE_RECURSION = YES;
				CLANG_WARN_INT_CONVERSION = YES;
				CLANG_WARN_NON_LITERAL_NULL_CONVERSION = YES;
				CLANG_WARN_OBJC_IMPLICIT_RETAIN_SELF = YES;
				CLANG_WARN_OBJC_LITERAL_CONVERSION = YES;
				CLANG_WARN_OBJC_ROOT_CLASS = YES_ERROR;
				CLANG_WARN_QUOTED_INCLUDE_IN_FRAMEWORK_HEADER = YES;
				CLANG_WARN_RANGE_LOOP_ANALYSIS = YES;
				CLANG_WARN_STRICT_PROTOTYPES = YES;
				CLANG_WARN_SUSPICIOUS_MOVE = YES;
				CLANG_WARN_UNGUARDED_AVAILABILITY = YES_AGGRESSIVE;
				CLANG_WARN_UNREACHABLE_CODE = YES;
				CLANG_WARN__DUPLICATE_METHOD_MATCH = YES;
				COPY_PHASE_STRIP = NO;
				DEBUG_INFORMATION_FORMAT = "dwarf-with-dsym";
				ENABLE_NS_ASSERTIONS = NO;
				ENABLE_STRICT_OBJC_MSGSEND = YES;
				GCC_C_LANGUAGE_STANDARD = gnu11;
				GCC_NO_COMMON_BLOCKS = YES;
				GCC_WARN_64_TO_32_BIT_CONVERSION = YES;
				GCC_WARN_ABOUT_RETURN_TYPE = YES_ERROR;
				GCC_WARN_UNDECLARED_SELECTOR = YES;
				GCC_WARN_UNINITIALIZED_AUTOS = YES_AGGRESSIVE;
				GCC_WARN_UNUSED_FUNCTION = YES;
				GCC_WARN_UNUSED_VARIABLE = YES;
				IPHONEOS_DEPLOYMENT_TARGET = 16.4;
				MTL_ENABLE_DEBUG_INFO = NO;
				MTL_FAST_MATH = YES;
				SDKROOT = iphoneos;
				SWIFT_COMPILATION_MODE = wholemodule;
				SWIFT_OPTIMIZATION_LEVEL = "-O";
				VALIDATE_PRODUCT = YES;
			};
			name = Release;
		};
		758D966F2A42E496005A12E1 /* Debug */ = {
			isa = XCBuildConfiguration;
			buildSettings = {
				ASSETCATALOG_COMPILER_APPICON_NAME = AppIcon;
				ASSETCATALOG_COMPILER_GLOBAL_ACCENT_COLOR_NAME = AccentColor;
				CODE_SIGN_STYLE = Automatic;
				CURRENT_PROJECT_VERSION = 1;
				DEVELOPMENT_TEAM = YHNQB5S7XU;
				GENERATE_INFOPLIST_FILE = YES;
				INFOPLIST_FILE = TindPet/Info.plist;
				INFOPLIST_KEY_UIApplicationSupportsIndirectInputEvents = YES;
				INFOPLIST_KEY_UILaunchStoryboardName = LaunchScreen;
				INFOPLIST_KEY_UIMainStoryboardFile = "";
				INFOPLIST_KEY_UISupportedInterfaceOrientations_iPad = "UIInterfaceOrientationPortrait UIInterfaceOrientationPortraitUpsideDown UIInterfaceOrientationLandscapeLeft UIInterfaceOrientationLandscapeRight";
				INFOPLIST_KEY_UISupportedInterfaceOrientations_iPhone = "UIInterfaceOrientationPortrait UIInterfaceOrientationLandscapeLeft UIInterfaceOrientationLandscapeRight";
				IPHONEOS_DEPLOYMENT_TARGET = 16.2;
				LD_RUNPATH_SEARCH_PATHS = (
					"$(inherited)",
					"@executable_path/Frameworks",
				);
				MARKETING_VERSION = 1.0;
				PRODUCT_BUNDLE_IDENTIFIER = gblessons.TindPet;
				PRODUCT_NAME = "$(TARGET_NAME)";
				SWIFT_EMIT_LOC_STRINGS = YES;
				SWIFT_VERSION = 5.0;
				TARGETED_DEVICE_FAMILY = "1,2";
			};
			name = Debug;
		};
		758D96702A42E496005A12E1 /* Release */ = {
			isa = XCBuildConfiguration;
			buildSettings = {
				ASSETCATALOG_COMPILER_APPICON_NAME = AppIcon;
				ASSETCATALOG_COMPILER_GLOBAL_ACCENT_COLOR_NAME = AccentColor;
				CODE_SIGN_STYLE = Automatic;
				CURRENT_PROJECT_VERSION = 1;
				DEVELOPMENT_TEAM = YHNQB5S7XU;
				GENERATE_INFOPLIST_FILE = YES;
				INFOPLIST_FILE = TindPet/Info.plist;
				INFOPLIST_KEY_UIApplicationSupportsIndirectInputEvents = YES;
				INFOPLIST_KEY_UILaunchStoryboardName = LaunchScreen;
				INFOPLIST_KEY_UIMainStoryboardFile = "";
				INFOPLIST_KEY_UISupportedInterfaceOrientations_iPad = "UIInterfaceOrientationPortrait UIInterfaceOrientationPortraitUpsideDown UIInterfaceOrientationLandscapeLeft UIInterfaceOrientationLandscapeRight";
				INFOPLIST_KEY_UISupportedInterfaceOrientations_iPhone = "UIInterfaceOrientationPortrait UIInterfaceOrientationLandscapeLeft UIInterfaceOrientationLandscapeRight";
				IPHONEOS_DEPLOYMENT_TARGET = 16.2;
				LD_RUNPATH_SEARCH_PATHS = (
					"$(inherited)",
					"@executable_path/Frameworks",
				);
				MARKETING_VERSION = 1.0;
				PRODUCT_BUNDLE_IDENTIFIER = gblessons.TindPet;
				PRODUCT_NAME = "$(TARGET_NAME)";
				SWIFT_EMIT_LOC_STRINGS = YES;
				SWIFT_VERSION = 5.0;
				TARGETED_DEVICE_FAMILY = "1,2";
			};
			name = Release;
		};
		758D96722A42E496005A12E1 /* Debug */ = {
			isa = XCBuildConfiguration;
			buildSettings = {
				ALWAYS_EMBED_SWIFT_STANDARD_LIBRARIES = YES;
				BUNDLE_LOADER = "$(TEST_HOST)";
				CODE_SIGN_STYLE = Automatic;
				CURRENT_PROJECT_VERSION = 1;
				DEVELOPMENT_TEAM = 47X734N754;
				GENERATE_INFOPLIST_FILE = YES;
				IPHONEOS_DEPLOYMENT_TARGET = 16.4;
				MARKETING_VERSION = 1.0;
				PRODUCT_BUNDLE_IDENTIFIER = gblessons.TindPetTests;
				PRODUCT_NAME = "$(TARGET_NAME)";
				SWIFT_EMIT_LOC_STRINGS = NO;
				SWIFT_VERSION = 5.0;
				TARGETED_DEVICE_FAMILY = "1,2";
				TEST_HOST = "$(BUILT_PRODUCTS_DIR)/TindPet.app/$(BUNDLE_EXECUTABLE_FOLDER_PATH)/TindPet";
			};
			name = Debug;
		};
		758D96732A42E496005A12E1 /* Release */ = {
			isa = XCBuildConfiguration;
			buildSettings = {
				ALWAYS_EMBED_SWIFT_STANDARD_LIBRARIES = YES;
				BUNDLE_LOADER = "$(TEST_HOST)";
				CODE_SIGN_STYLE = Automatic;
				CURRENT_PROJECT_VERSION = 1;
				DEVELOPMENT_TEAM = 47X734N754;
				GENERATE_INFOPLIST_FILE = YES;
				IPHONEOS_DEPLOYMENT_TARGET = 16.4;
				MARKETING_VERSION = 1.0;
				PRODUCT_BUNDLE_IDENTIFIER = gblessons.TindPetTests;
				PRODUCT_NAME = "$(TARGET_NAME)";
				SWIFT_EMIT_LOC_STRINGS = NO;
				SWIFT_VERSION = 5.0;
				TARGETED_DEVICE_FAMILY = "1,2";
				TEST_HOST = "$(BUILT_PRODUCTS_DIR)/TindPet.app/$(BUNDLE_EXECUTABLE_FOLDER_PATH)/TindPet";
			};
			name = Release;
		};
		758D96752A42E496005A12E1 /* Debug */ = {
			isa = XCBuildConfiguration;
			buildSettings = {
				ALWAYS_EMBED_SWIFT_STANDARD_LIBRARIES = YES;
				CODE_SIGN_STYLE = Automatic;
				CURRENT_PROJECT_VERSION = 1;
				DEVELOPMENT_TEAM = 47X734N754;
				GENERATE_INFOPLIST_FILE = YES;
				MARKETING_VERSION = 1.0;
				PRODUCT_BUNDLE_IDENTIFIER = gblessons.TindPetUITests;
				PRODUCT_NAME = "$(TARGET_NAME)";
				SWIFT_EMIT_LOC_STRINGS = NO;
				SWIFT_VERSION = 5.0;
				TARGETED_DEVICE_FAMILY = "1,2";
				TEST_TARGET_NAME = TindPet;
			};
			name = Debug;
		};
		758D96762A42E496005A12E1 /* Release */ = {
			isa = XCBuildConfiguration;
			buildSettings = {
				ALWAYS_EMBED_SWIFT_STANDARD_LIBRARIES = YES;
				CODE_SIGN_STYLE = Automatic;
				CURRENT_PROJECT_VERSION = 1;
				DEVELOPMENT_TEAM = 47X734N754;
				GENERATE_INFOPLIST_FILE = YES;
				MARKETING_VERSION = 1.0;
				PRODUCT_BUNDLE_IDENTIFIER = gblessons.TindPetUITests;
				PRODUCT_NAME = "$(TARGET_NAME)";
				SWIFT_EMIT_LOC_STRINGS = NO;
				SWIFT_VERSION = 5.0;
				TARGETED_DEVICE_FAMILY = "1,2";
				TEST_TARGET_NAME = TindPet;
			};
			name = Release;
		};
/* End XCBuildConfiguration section */

/* Begin XCConfigurationList section */
		758D963F2A42E495005A12E1 /* Build configuration list for PBXProject "TindPet" */ = {
			isa = XCConfigurationList;
			buildConfigurations = (
				758D966C2A42E496005A12E1 /* Debug */,
				758D966D2A42E496005A12E1 /* Release */,
			);
			defaultConfigurationIsVisible = 0;
			defaultConfigurationName = Release;
		};
		758D966E2A42E496005A12E1 /* Build configuration list for PBXNativeTarget "TindPet" */ = {
			isa = XCConfigurationList;
			buildConfigurations = (
				758D966F2A42E496005A12E1 /* Debug */,
				758D96702A42E496005A12E1 /* Release */,
			);
			defaultConfigurationIsVisible = 0;
			defaultConfigurationName = Release;
		};
		758D96712A42E496005A12E1 /* Build configuration list for PBXNativeTarget "TindPetTests" */ = {
			isa = XCConfigurationList;
			buildConfigurations = (
				758D96722A42E496005A12E1 /* Debug */,
				758D96732A42E496005A12E1 /* Release */,
			);
			defaultConfigurationIsVisible = 0;
			defaultConfigurationName = Release;
		};
		758D96742A42E496005A12E1 /* Build configuration list for PBXNativeTarget "TindPetUITests" */ = {
			isa = XCConfigurationList;
			buildConfigurations = (
				758D96752A42E496005A12E1 /* Debug */,
				758D96762A42E496005A12E1 /* Release */,
			);
			defaultConfigurationIsVisible = 0;
			defaultConfigurationName = Release;
		};
/* End XCConfigurationList section */

/* Begin XCRemoteSwiftPackageReference section */
		D75832B32A59AB7800E434FD /* XCRemoteSwiftPackageReference "firebase-ios-sdk" */ = {
			isa = XCRemoteSwiftPackageReference;
			repositoryURL = "https://github.com/firebase/firebase-ios-sdk";
			requirement = {
				kind = upToNextMajorVersion;
				minimumVersion = 10.0.0;
			};
		};
/* End XCRemoteSwiftPackageReference section */

/* Begin XCSwiftPackageProductDependency section */
		D75832B42A59AB7800E434FD /* FirebaseAnalytics */ = {
			isa = XCSwiftPackageProductDependency;
			package = D75832B32A59AB7800E434FD /* XCRemoteSwiftPackageReference "firebase-ios-sdk" */;
			productName = FirebaseAnalytics;
		};
		D75832B62A59AB7800E434FD /* FirebaseAuth */ = {
			isa = XCSwiftPackageProductDependency;
			package = D75832B32A59AB7800E434FD /* XCRemoteSwiftPackageReference "firebase-ios-sdk" */;
			productName = FirebaseAuth;
		};
		D75832B82A59AB7800E434FD /* FirebaseAuthCombine-Community */ = {
			isa = XCSwiftPackageProductDependency;
			package = D75832B32A59AB7800E434FD /* XCRemoteSwiftPackageReference "firebase-ios-sdk" */;
			productName = "FirebaseAuthCombine-Community";
		};
		D75832BA2A59AB7800E434FD /* FirebaseFirestore */ = {
			isa = XCSwiftPackageProductDependency;
			package = D75832B32A59AB7800E434FD /* XCRemoteSwiftPackageReference "firebase-ios-sdk" */;
			productName = FirebaseFirestore;
		};
		D75832BC2A59AB7800E434FD /* FirebaseMessaging */ = {
			isa = XCSwiftPackageProductDependency;
			package = D75832B32A59AB7800E434FD /* XCRemoteSwiftPackageReference "firebase-ios-sdk" */;
			productName = FirebaseMessaging;
		};
		D75832BE2A59AB7800E434FD /* FirebaseStorage */ = {
			isa = XCSwiftPackageProductDependency;
			package = D75832B32A59AB7800E434FD /* XCRemoteSwiftPackageReference "firebase-ios-sdk" */;
			productName = FirebaseStorage;
		};
/* End XCSwiftPackageProductDependency section */
	};
	rootObject = 758D963C2A42E495005A12E1 /* Project object */;
}
